
Microsoft Visual Studio Solution File, Format Version 12.00
# Visual Studio Version 16
VisualStudioVersion = 16.0.30611.23
MinimumVisualStudioVersion = 10.0.40219.1
Project("{8BC9CEB8-8B4A-11D0-8D11-00A0C91BC942}") = "EX_2", "EX_2.vcxproj", "{B0FE6704-FCDC-47C9-A654-83671AAF208F}"
EndProject
Global
	GlobalSection(SolutionConfigurationPlatforms) = preSolution
		Debug|x64 = Debug|x64
		Debug|x86 = Debug|x86
		Release|x64 = Release|x64
		Release|x86 = Release|x86
	EndGlobalSection
	GlobalSection(ProjectConfigurationPlatforms) = postSolution
		{B0FE6704-FCDC-47C9-A654-83671AAF208F}.Debug|x64.ActiveCfg = Debug|x64
		{B0FE6704-FCDC-47C9-A654-83671AAF208F}.Debug|x64.Build.0 = Debug|x64
		{B0FE6704-FCDC-47C9-A654-83671AAF208F}.Debug|x86.ActiveCfg = Debug|Win32
		{B0FE6704-FCDC-47C9-A654-83671AAF208F}.Debug|x86.Build.0 = Debug|Win32
		{B0FE6704-FCDC-47C9-A654-83671AAF208F}.Release|x64.ActiveCfg = Release|x64
		{B0FE6704-FCDC-47C9-A654-83671AAF208F}.Release|x64.Build.0 = Release|x64
		{B0FE6704-FCDC-47C9-A654-83671AAF208F}.Release|x86.ActiveCfg = Release|Win32
		{B0FE6704-FCDC-47C9-A654-83671AAF208F}.Release|x86.Build.0 = Release|Win32
	EndGlobalSection
	GlobalSection(SolutionProperties) = preSolution
		HideSolutionNode = FALSE
	EndGlobalSection
	GlobalSection(ExtensibilityGlobals) = postSolution
		SolutionGuid = {139112E8-0858-4E30-80E2-D2BA59162E4F}
	EndGlobalSection
EndGlobal
